
Microsoft Visual Studio Solution File, Format Version 12.00
# Visual Studio Version 16
VisualStudioVersion = 16.0.30011.22
MinimumVisualStudioVersion = 10.0.40219.1
Project("{9A19103F-16F7-4668-BE54-9A1E7A4F7556}") = "TasksApp", "WpfApp3\TasksApp.csproj", "{170D5A25-C405-4BF9-BDF3-860E931721C1}"
EndProject
Project("{54435603-DBB4-11D2-8724-00A0C9A8B90C}") = "Setup", "Setup\Setup.vdproj", "{8AE34C3D-9AD9-4E78-8C72-1D6FADEA6DC0}"
EndProject
Global
	GlobalSection(SolutionConfigurationPlatforms) = preSolution
		Debug|Any CPU = Debug|Any CPU
		Release|Any CPU = Release|Any CPU
	EndGlobalSection
	GlobalSection(ProjectConfigurationPlatforms) = postSolution
		{170D5A25-C405-4BF9-BDF3-860E931721C1}.Debug|Any CPU.ActiveCfg = Debug|Any CPU
		{170D5A25-C405-4BF9-BDF3-860E931721C1}.Debug|Any CPU.Build.0 = Debug|Any CPU
		{170D5A25-C405-4BF9-BDF3-860E931721C1}.Release|Any CPU.ActiveCfg = Release|Any CPU
		{170D5A25-C405-4BF9-BDF3-860E931721C1}.Release|Any CPU.Build.0 = Release|Any CPU
		{8AE34C3D-9AD9-4E78-8C72-1D6FADEA6DC0}.Debug|Any CPU.ActiveCfg = Debug
		{8AE34C3D-9AD9-4E78-8C72-1D6FADEA6DC0}.Release|Any CPU.ActiveCfg = Release
	EndGlobalSection
	GlobalSection(SolutionProperties) = preSolution
		HideSolutionNode = FALSE
	EndGlobalSection
	GlobalSection(ExtensibilityGlobals) = postSolution
		SolutionGuid = {3192B79F-558F-4B04-9B88-6F86B2BF4C13}
	EndGlobalSection
EndGlobal
